// !$*UTF8*$!
{
	archiveVersion = 1;
	classes = {
	};
	objectVersion = 56;
	objects = {

/* Begin PBXBuildFile section */
		5B084D9929545847005946A1 /* AiImageGenApp.swift in Sources */ = {isa = PBXBuildFile; fileRef = 5B084D9829545847005946A1 /* AiImageGenApp.swift */; };
		5B084D9D2954584A005946A1 /* Assets.xcassets in Resources */ = {isa = PBXBuildFile; fileRef = 5B084D9C2954584A005946A1 /* Assets.xcassets */; };
		5B084DA02954584A005946A1 /* Preview Assets.xcassets in Resources */ = {isa = PBXBuildFile; fileRef = 5B084D9F2954584A005946A1 /* Preview Assets.xcassets */; };
		5B084DA8295458C8005946A1 /* OpenAIKit in Frameworks */ = {isa = PBXBuildFile; productRef = 5B084DA7295458C8005946A1 /* OpenAIKit */; };
		5B084DAA2954A220005946A1 /* Launch Screen.storyboard in Resources */ = {isa = PBXBuildFile; fileRef = 5B084DA92954A220005946A1 /* Launch Screen.storyboard */; };
		5B0B67B2295E9A980042DE91 /* ContentViewModel.swift in Sources */ = {isa = PBXBuildFile; fileRef = 5B0B67B1295E9A980042DE91 /* ContentViewModel.swift */; };
		5B0B67B4295E9C5C0042DE91 /* ContentView_Current.swift in Sources */ = {isa = PBXBuildFile; fileRef = 5B0B67B3295E9C5C0042DE91 /* ContentView_Current.swift */; };
		5B0B67B6295E9CAA0042DE91 /* ContentView_Deprecated.swift in Sources */ = {isa = PBXBuildFile; fileRef = 5B0B67B5295E9CAA0042DE91 /* ContentView_Deprecated.swift */; };
		5B0B67B9295EA4DC0042DE91 /* InfoView_Current.swift in Sources */ = {isa = PBXBuildFile; fileRef = 5B0B67B8295EA4DC0042DE91 /* InfoView_Current.swift */; };
		5B0B67BB295EA4E80042DE91 /* InfoView_Deprecated.swift in Sources */ = {isa = PBXBuildFile; fileRef = 5B0B67BA295EA4E80042DE91 /* InfoView_Deprecated.swift */; };
		5BA91CD5295DDE32004F5CEF /* SwiftUIVisualEffects in Frameworks */ = {isa = PBXBuildFile; productRef = 5BA91CD4295DDE32004F5CEF /* SwiftUIVisualEffects */; };
/* End PBXBuildFile section */

/* Begin PBXFileReference section */
		5B084D9529545847005946A1 /* AiImageGen.app */ = {isa = PBXFileReference; explicitFileType = wrapper.application; includeInIndex = 0; path = AiImageGen.app; sourceTree = BUILT_PRODUCTS_DIR; };
		5B084D9829545847005946A1 /* AiImageGenApp.swift */ = {isa = PBXFileReference; lastKnownFileType = sourcecode.swift; path = AiImageGenApp.swift; sourceTree = "<group>"; };
		5B084D9C2954584A005946A1 /* Assets.xcassets */ = {isa = PBXFileReference; lastKnownFileType = folder.assetcatalog; path = Assets.xcassets; sourceTree = "<group>"; };
		5B084D9F2954584A005946A1 /* Preview Assets.xcassets */ = {isa = PBXFileReference; lastKnownFileType = folder.assetcatalog; path = "Preview Assets.xcassets"; sourceTree = "<group>"; };
		5B084DA92954A220005946A1 /* Launch Screen.storyboard */ = {isa = PBXFileReference; lastKnownFileType = file.storyboard; path = "Launch Screen.storyboard"; sourceTree = "<group>"; };
		5B084DAB2954A7F4005946A1 /* Info.plist */ = {isa = PBXFileReference; lastKnownFileType = text.plist; path = Info.plist; sourceTree = "<group>"; };
		5B0B67B1295E9A980042DE91 /* ContentViewModel.swift */ = {isa = PBXFileReference; lastKnownFileType = sourcecode.swift; path = ContentViewModel.swift; sourceTree = "<group>"; };
		5B0B67B3295E9C5C0042DE91 /* ContentView_Current.swift */ = {isa = PBXFileReference; lastKnownFileType = sourcecode.swift; path = ContentView_Current.swift; sourceTree = "<group>"; };
		5B0B67B5295E9CAA0042DE91 /* ContentView_Deprecated.swift */ = {isa = PBXFileReference; lastKnownFileType = sourcecode.swift; path = ContentView_Deprecated.swift; sourceTree = "<group>"; };
		5B0B67B8295EA4DC0042DE91 /* InfoView_Current.swift */ = {isa = PBXFileReference; lastKnownFileType = sourcecode.swift; path = InfoView_Current.swift; sourceTree = "<group>"; };
		5B0B67BA295EA4E80042DE91 /* InfoView_Deprecated.swift */ = {isa = PBXFileReference; lastKnownFileType = sourcecode.swift; path = InfoView_Deprecated.swift; sourceTree = "<group>"; };
/* End PBXFileReference section */

/* Begin PBXFrameworksBuildPhase section */
		5B084D9229545847005946A1 /* Frameworks */ = {
			isa = PBXFrameworksBuildPhase;
			buildActionMask = 2147483647;
			files = (
				5B084DA8295458C8005946A1 /* OpenAIKit in Frameworks */,
				5BA91CD5295DDE32004F5CEF /* SwiftUIVisualEffects in Frameworks */,
			);
			runOnlyForDeploymentPostprocessing = 0;
		};
/* End PBXFrameworksBuildPhase section */

/* Begin PBXGroup section */
		5B084D8C29545847005946A1 = {
			isa = PBXGroup;
			children = (
				5B084D9729545847005946A1 /* AiImageGen */,
				5B084D9629545847005946A1 /* Products */,
			);
			sourceTree = "<group>";
		};
		5B084D9629545847005946A1 /* Products */ = {
			isa = PBXGroup;
			children = (
				5B084D9529545847005946A1 /* AiImageGen.app */,
			);
			name = Products;
			sourceTree = "<group>";
		};
		5B084D9729545847005946A1 /* AiImageGen */ = {
			isa = PBXGroup;
			children = (
				5B0B67AF295E9A780042DE91 /* ContentView */,
				5B0B67B7295E9D380042DE91 /* InfoView */,
				5B084DAB2954A7F4005946A1 /* Info.plist */,
				5B084D9829545847005946A1 /* AiImageGenApp.swift */,
				5B084D9C2954584A005946A1 /* Assets.xcassets */,
				5B084D9E2954584A005946A1 /* Preview Content */,
				5B084DA92954A220005946A1 /* Launch Screen.storyboard */,
			);
			path = AiImageGen;
			sourceTree = "<group>";
		};
		5B084D9E2954584A005946A1 /* Preview Content */ = {
			isa = PBXGroup;
			children = (
				5B084D9F2954584A005946A1 /* Preview Assets.xcassets */,
			);
			path = "Preview Content";
			sourceTree = "<group>";
		};
		5B0B67AF295E9A780042DE91 /* ContentView */ = {
			isa = PBXGroup;
			children = (
				5B0B67B0295E9A860042DE91 /* ViewModel */,
				5B0B67B3295E9C5C0042DE91 /* ContentView_Current.swift */,
				5B0B67B5295E9CAA0042DE91 /* ContentView_Deprecated.swift */,
			);
			path = ContentView;
			sourceTree = "<group>";
		};
		5B0B67B0295E9A860042DE91 /* ViewModel */ = {
			isa = PBXGroup;
			children = (
				5B0B67B1295E9A980042DE91 /* ContentViewModel.swift */,
			);
			path = ViewModel;
			sourceTree = "<group>";
		};
		5B0B67B7295E9D380042DE91 /* InfoView */ = {
			isa = PBXGroup;
			children = (
				5B0B67B8295EA4DC0042DE91 /* InfoView_Current.swift */,
				5B0B67BA295EA4E80042DE91 /* InfoView_Deprecated.swift */,
			);
			path = InfoView;
			sourceTree = "<group>";
		};
/* End PBXGroup section */

/* Begin PBXNativeTarget section */
		5B084D9429545847005946A1 /* AiImageGen */ = {
			isa = PBXNativeTarget;
			buildConfigurationList = 5B084DA32954584A005946A1 /* Build configuration list for PBXNativeTarget "AiImageGen" */;
			buildPhases = (
				5B084D9129545847005946A1 /* Sources */,
				5B084D9229545847005946A1 /* Frameworks */,
				5B084D9329545847005946A1 /* Resources */,
			);
			buildRules = (
			);
			dependencies = (
			);
			name = AiImageGen;
			packageProductDependencies = (
				5B084DA7295458C8005946A1 /* OpenAIKit */,
				5BA91CD4295DDE32004F5CEF /* SwiftUIVisualEffects */,
			);
			productName = AiImageGen;
			productReference = 5B084D9529545847005946A1 /* AiImageGen.app */;
			productType = "com.apple.product-type.application";
		};
/* End PBXNativeTarget section */

/* Begin PBXProject section */
		5B084D8D29545847005946A1 /* Project object */ = {
			isa = PBXProject;
			attributes = {
				BuildIndependentTargetsInParallel = 1;
				LastSwiftUpdateCheck = 1420;
				LastUpgradeCheck = 1420;
				TargetAttributes = {
					5B084D9429545847005946A1 = {
						CreatedOnToolsVersion = 14.2;
					};
				};
			};
			buildConfigurationList = 5B084D9029545847005946A1 /* Build configuration list for PBXProject "AiImageGen" */;
			compatibilityVersion = "Xcode 14.0";
			developmentRegion = en;
			hasScannedForEncodings = 0;
			knownRegions = (
				en,
				Base,
			);
			mainGroup = 5B084D8C29545847005946A1;
			packageReferences = (
				5B084DA6295458C8005946A1 /* XCRemoteSwiftPackageReference "OpenAIKit" */,
				5BA91CD3295DDE32004F5CEF /* XCRemoteSwiftPackageReference "swiftui-visual-effects" */,
			);
			productRefGroup = 5B084D9629545847005946A1 /* Products */;
			projectDirPath = "";
			projectRoot = "";
			targets = (
				5B084D9429545847005946A1 /* AiImageGen */,
			);
		};
/* End PBXProject section */

/* Begin PBXResourcesBuildPhase section */
		5B084D9329545847005946A1 /* Resources */ = {
			isa = PBXResourcesBuildPhase;
			buildActionMask = 2147483647;
			files = (
				5B084DAA2954A220005946A1 /* Launch Screen.storyboard in Resources */,
				5B084DA02954584A005946A1 /* Preview Assets.xcassets in Resources */,
				5B084D9D2954584A005946A1 /* Assets.xcassets in Resources */,
			);
			runOnlyForDeploymentPostprocessing = 0;
		};
/* End PBXResourcesBuildPhase section */

/* Begin PBXSourcesBuildPhase section */
		5B084D9129545847005946A1 /* Sources */ = {
			isa = PBXSourcesBuildPhase;
			buildActionMask = 2147483647;
			files = (
				5B0B67B9295EA4DC0042DE91 /* InfoView_Current.swift in Sources */,
				5B0B67B2295E9A980042DE91 /* ContentViewModel.swift in Sources */,
				5B0B67B4295E9C5C0042DE91 /* ContentView_Current.swift in Sources */,
				5B084D9929545847005946A1 /* AiImageGenApp.swift in Sources */,
				5B0B67BB295EA4E80042DE91 /* InfoView_Deprecated.swift in Sources */,
				5B0B67B6295E9CAA0042DE91 /* ContentView_Deprecated.swift in Sources */,
			);
			runOnlyForDeploymentPostprocessing = 0;
		};
/* End PBXSourcesBuildPhase section */

/* Begin XCBuildConfiguration section */
		5B084DA12954584A005946A1 /* Debug */ = {
			isa = XCBuildConfiguration;
			buildSettings = {
				ALWAYS_SEARCH_USER_PATHS = NO;
				CLANG_ANALYZER_NONNULL = YES;
				CLANG_ANALYZER_NUMBER_OBJECT_CONVERSION = YES_AGGRESSIVE;
				CLANG_CXX_LANGUAGE_STANDARD = "gnu++20";
				CLANG_ENABLE_MODULES = YES;
				CLANG_ENABLE_OBJC_ARC = YES;
				CLANG_ENABLE_OBJC_WEAK = YES;
				CLANG_WARN_BLOCK_CAPTURE_AUTORELEASING = YES;
				CLANG_WARN_BOOL_CONVERSION = YES;
				CLANG_WARN_COMMA = YES;
				CLANG_WARN_CONSTANT_CONVERSION = YES;
				CLANG_WARN_DEPRECATED_OBJC_IMPLEMENTATIONS = YES;
				CLANG_WARN_DIRECT_OBJC_ISA_USAGE = YES_ERROR;
				CLANG_WARN_DOCUMENTATION_COMMENTS = YES;
				CLANG_WARN_EMPTY_BODY = YES;
				CLANG_WARN_ENUM_CONVERSION = YES;
				CLANG_WARN_INFINITE_RECURSION = YES;
				CLANG_WARN_INT_CONVERSION = YES;
				CLANG_WARN_NON_LITERAL_NULL_CONVERSION = YES;
				CLANG_WARN_OBJC_IMPLICIT_RETAIN_SELF = YES;
				CLANG_WARN_OBJC_LITERAL_CONVERSION = YES;
				CLANG_WARN_OBJC_ROOT_CLASS = YES_ERROR;
				CLANG_WARN_QUOTED_INCLUDE_IN_FRAMEWORK_HEADER = YES;
				CLANG_WARN_RANGE_LOOP_ANALYSIS = YES;
				CLANG_WARN_STRICT_PROTOTYPES = YES;
				CLANG_WARN_SUSPICIOUS_MOVE = YES;
				CLANG_WARN_UNGUARDED_AVAILABILITY = YES_AGGRESSIVE;
				CLANG_WARN_UNREACHABLE_CODE = YES;
				CLANG_WARN__DUPLICATE_METHOD_MATCH = YES;
				COPY_PHASE_STRIP = NO;
				DEBUG_INFORMATION_FORMAT = dwarf;
				ENABLE_STRICT_OBJC_MSGSEND = YES;
				ENABLE_TESTABILITY = YES;
				GCC_C_LANGUAGE_STANDARD = gnu11;
				GCC_DYNAMIC_NO_PIC = NO;
				GCC_NO_COMMON_BLOCKS = YES;
				GCC_OPTIMIZATION_LEVEL = 0;
				GCC_PREPROCESSOR_DEFINITIONS = (
					"DEBUG=1",
					"$(inherited)",
				);
				GCC_WARN_64_TO_32_BIT_CONVERSION = YES;
				GCC_WARN_ABOUT_RETURN_TYPE = YES_ERROR;
				GCC_WARN_UNDECLARED_SELECTOR = YES;
				GCC_WARN_UNINITIALIZED_AUTOS = YES_AGGRESSIVE;
				GCC_WARN_UNUSED_FUNCTION = YES;
				GCC_WARN_UNUSED_VARIABLE = YES;
				INFOPLIST_KEY_UIUserInterfaceStyle = Dark;
				IPHONEOS_DEPLOYMENT_TARGET = 16.2;
				MTL_ENABLE_DEBUG_INFO = INCLUDE_SOURCE;
				MTL_FAST_MATH = YES;
				ONLY_ACTIVE_ARCH = YES;
				SDKROOT = iphoneos;
				SWIFT_ACTIVE_COMPILATION_CONDITIONS = DEBUG;
				SWIFT_OPTIMIZATION_LEVEL = "-Onone";
			};
			name = Debug;
		};
		5B084DA22954584A005946A1 /* Release */ = {
			isa = XCBuildConfiguration;
			buildSettings = {
				ALWAYS_SEARCH_USER_PATHS = NO;
				CLANG_ANALYZER_NONNULL = YES;
				CLANG_ANALYZER_NUMBER_OBJECT_CONVERSION = YES_AGGRESSIVE;
				CLANG_CXX_LANGUAGE_STANDARD = "gnu++20";
				CLANG_ENABLE_MODULES = YES;
				CLANG_ENABLE_OBJC_ARC = YES;
				CLANG_ENABLE_OBJC_WEAK = YES;
				CLANG_WARN_BLOCK_CAPTURE_AUTORELEASING = YES;
				CLANG_WARN_BOOL_CONVERSION = YES;
				CLANG_WARN_COMMA = YES;
				CLANG_WARN_CONSTANT_CONVERSION = YES;
				CLANG_WARN_DEPRECATED_OBJC_IMPLEMENTATIONS = YES;
				CLANG_WARN_DIRECT_OBJC_ISA_USAGE = YES_ERROR;
				CLANG_WARN_DOCUMENTATION_COMMENTS = YES;
				CLANG_WARN_EMPTY_BODY = YES;
				CLANG_WARN_ENUM_CONVERSION = YES;
				CLANG_WARN_INFINITE_RECURSION = YES;
				CLANG_WARN_INT_CONVERSION = YES;
				CLANG_WARN_NON_LITERAL_NULL_CONVERSION = YES;
				CLANG_WARN_OBJC_IMPLICIT_RETAIN_SELF = YES;
				CLANG_WARN_OBJC_LITERAL_CONVERSION = YES;
				CLANG_WARN_OBJC_ROOT_CLASS = YES_ERROR;
				CLANG_WARN_QUOTED_INCLUDE_IN_FRAMEWORK_HEADER = YES;
				CLANG_WARN_RANGE_LOOP_ANALYSIS = YES;
				CLANG_WARN_STRICT_PROTOTYPES = YES;
				CLANG_WARN_SUSPICIOUS_MOVE = YES;
				CLANG_WARN_UNGUARDED_AVAILABILITY = YES_AGGRESSIVE;
				CLANG_WARN_UNREACHABLE_CODE = YES;
				CLANG_WARN__DUPLICATE_METHOD_MATCH = YES;
				COPY_PHASE_STRIP = NO;
				DEBUG_INFORMATION_FORMAT = "dwarf-with-dsym";
				ENABLE_NS_ASSERTIONS = NO;
				ENABLE_STRICT_OBJC_MSGSEND = YES;
				GCC_C_LANGUAGE_STANDARD = gnu11;
				GCC_NO_COMMON_BLOCKS = YES;
				GCC_WARN_64_TO_32_BIT_CONVERSION = YES;
				GCC_WARN_ABOUT_RETURN_TYPE = YES_ERROR;
				GCC_WARN_UNDECLARED_SELECTOR = YES;
				GCC_WARN_UNINITIALIZED_AUTOS = YES_AGGRESSIVE;
				GCC_WARN_UNUSED_FUNCTION = YES;
				GCC_WARN_UNUSED_VARIABLE = YES;
				INFOPLIST_KEY_UIUserInterfaceStyle = Dark;
				IPHONEOS_DEPLOYMENT_TARGET = 16.2;
				MTL_ENABLE_DEBUG_INFO = NO;
				MTL_FAST_MATH = YES;
				SDKROOT = iphoneos;
				SWIFT_COMPILATION_MODE = wholemodule;
				SWIFT_OPTIMIZATION_LEVEL = "-O";
				VALIDATE_PRODUCT = YES;
			};
			name = Release;
		};
		5B084DA42954584A005946A1 /* Debug */ = {
			isa = XCBuildConfiguration;
			buildSettings = {
				ASSETCATALOG_COMPILER_APPICON_NAME = AppIcon;
				ASSETCATALOG_COMPILER_GLOBAL_ACCENT_COLOR_NAME = AccentColor;
				CODE_SIGN_STYLE = Automatic;
				CURRENT_PROJECT_VERSION = 1;
				DEVELOPMENT_ASSET_PATHS = "\"AiImageGen/Preview Content\"";
				DEVELOPMENT_TEAM = 3P68S4MN54;
				ENABLE_PREVIEWS = YES;
				GENERATE_INFOPLIST_FILE = YES;
				INFOPLIST_FILE = AiImageGen/Info.plist;
				INFOPLIST_KEY_NSPhotoLibraryAddUsageDescription = "";
				INFOPLIST_KEY_UIApplicationSceneManifest_Generation = YES;
				INFOPLIST_KEY_UIApplicationSupportsIndirectInputEvents = YES;
				INFOPLIST_KEY_UILaunchScreen_Generation = YES;
				INFOPLIST_KEY_UILaunchStoryboardName = "Launch Screen.storyboard";
				INFOPLIST_KEY_UISupportedInterfaceOrientations = UIInterfaceOrientationPortrait;
				INFOPLIST_KEY_UISupportedInterfaceOrientations_iPad = "UIInterfaceOrientationLandscapeLeft UIInterfaceOrientationLandscapeRight UIInterfaceOrientationPortrait UIInterfaceOrientationPortraitUpsideDown";
				INFOPLIST_KEY_UIUserInterfaceStyle = Automatic;
				IPHONEOS_DEPLOYMENT_TARGET = 14.0;
				LD_RUNPATH_SEARCH_PATHS = (
					"$(inherited)",
					"@executable_path/Frameworks",
				);
				MARKETING_VERSION = 1.0;
				PRODUCT_BUNDLE_IDENTIFIER = page.chillog.AiImageGen;
				PRODUCT_NAME = "$(TARGET_NAME)";
				SWIFT_EMIT_LOC_STRINGS = YES;
				SWIFT_VERSION = 5.0;
				TARGETED_DEVICE_FAMILY = "1,2";
			};
			name = Debug;
		};
		5B084DA52954584A005946A1 /* Release */ = {
			isa = XCBuildConfiguration;
			buildSettings = {
				ASSETCATALOG_COMPILER_APPICON_NAME = AppIcon;
				ASSETCATALOG_COMPILER_GLOBAL_ACCENT_COLOR_NAME = AccentColor;
				CODE_SIGN_STYLE = Automatic;
				CURRENT_PROJECT_VERSION = 1;
				DEVELOPMENT_ASSET_PATHS = "\"AiImageGen/Preview Content\"";
				DEVELOPMENT_TEAM = 3P68S4MN54;
				ENABLE_PREVIEWS = YES;
				GENERATE_INFOPLIST_FILE = YES;
				INFOPLIST_FILE = AiImageGen/Info.plist;
				INFOPLIST_KEY_NSPhotoLibraryAddUsageDescription = "";
				INFOPLIST_KEY_UIApplicationSceneManifest_Generation = YES;
				INFOPLIST_KEY_UIApplicationSupportsIndirectInputEvents = YES;
				INFOPLIST_KEY_UILaunchScreen_Generation = YES;
				INFOPLIST_KEY_UILaunchStoryboardName = "Launch Screen.storyboard";
				INFOPLIST_KEY_UISupportedInterfaceOrientations = UIInterfaceOrientationPortrait;
				INFOPLIST_KEY_UISupportedInterfaceOrientations_iPad = "UIInterfaceOrientationLandscapeLeft UIInterfaceOrientationLandscapeRight UIInterfaceOrientationPortrait UIInterfaceOrientationPortraitUpsideDown";
				INFOPLIST_KEY_UIUserInterfaceStyle = Automatic;
				IPHONEOS_DEPLOYMENT_TARGET = 14.0;
				LD_RUNPATH_SEARCH_PATHS = (
					"$(inherited)",
					"@executable_path/Frameworks",
				);
				MARKETING_VERSION = 1.0;
				PRODUCT_BUNDLE_IDENTIFIER = page.chillog.AiImageGen;
				PRODUCT_NAME = "$(TARGET_NAME)";
				SWIFT_EMIT_LOC_STRINGS = YES;
				SWIFT_VERSION = 5.0;
				TARGETED_DEVICE_FAMILY = "1,2";
			};
			name = Release;
		};
/* End XCBuildConfiguration section */

/* Begin XCConfigurationList section */
		5B084D9029545847005946A1 /* Build configuration list for PBXProject "AiImageGen" */ = {
			isa = XCConfigurationList;
			buildConfigurations = (
				5B084DA12954584A005946A1 /* Debug */,
				5B084DA22954584A005946A1 /* Release */,
			);
			defaultConfigurationIsVisible = 0;
			defaultConfigurationName = Release;
		};
		5B084DA32954584A005946A1 /* Build configuration list for PBXNativeTarget "AiImageGen" */ = {
			isa = XCConfigurationList;
			buildConfigurations = (
				5B084DA42954584A005946A1 /* Debug */,
				5B084DA52954584A005946A1 /* Release */,
			);
			defaultConfigurationIsVisible = 0;
			defaultConfigurationName = Release;
		};
/* End XCConfigurationList section */

/* Begin XCRemoteSwiftPackageReference section */
		5B084DA6295458C8005946A1 /* XCRemoteSwiftPackageReference "OpenAIKit" */ = {
			isa = XCRemoteSwiftPackageReference;
			repositoryURL = "https://github.com/marcodotio/OpenAIKit.git";
			requirement = {
				branch = main;
				kind = branch;
			};
		};
		5BA91CD3295DDE32004F5CEF /* XCRemoteSwiftPackageReference "swiftui-visual-effects" */ = {
			isa = XCRemoteSwiftPackageReference;
			repositoryURL = "https://github.com/lucasbrown/swiftui-visual-effects.git";
			requirement = {
				branch = master;
				kind = branch;
			};
		};
/* End XCRemoteSwiftPackageReference section */

/* Begin XCSwiftPackageProductDependency section */
		5B084DA7295458C8005946A1 /* OpenAIKit */ = {
			isa = XCSwiftPackageProductDependency;
			package = 5B084DA6295458C8005946A1 /* XCRemoteSwiftPackageReference "OpenAIKit" */;
			productName = OpenAIKit;
		};
		5BA91CD4295DDE32004F5CEF /* SwiftUIVisualEffects */ = {
			isa = XCSwiftPackageProductDependency;
			package = 5BA91CD3295DDE32004F5CEF /* XCRemoteSwiftPackageReference "swiftui-visual-effects" */;
			productName = SwiftUIVisualEffects;
		};
/* End XCSwiftPackageProductDependency section */
	};
	rootObject = 5B084D8D29545847005946A1 /* Project object */;
}
